// !$*UTF8*$!
{
 archiveVersion = 1; classes = {}; objectVersion = 56;
 objects = {
  A00000000000000000000001 = {isa = PBXBuildFile; fileRef = A00000000000000000000003; };
  A00000000000000000000002 = {isa = PBXBuildFile; fileRef = A00000000000000000000004; };
  A00000000000000000000003 = {isa = PBXFileReference; lastKnownFileType = sourcecode.swift; path = NativeApp.swift; sourceTree = "<group>"; };
  A00000000000000000000004 = {isa = PBXFileReference; lastKnownFileType = sourcecode.swift; path = PointerController.swift; sourceTree = "<group>"; };
  A00000000000000000000005 = {isa = PBXFileReference; explicitFileType = wrapper.application; path = RemoteDesk.app; sourceTree = BUILT_PRODUCTS_DIR; };
  A00000000000000000000006 = {isa = PBXGroup; children = (A00000000000000000000007,A00000000000000000000008); sourceTree = "<group>"; };
  A00000000000000000000007 = {isa = PBXGroup; children = (A00000000000000000000003,A00000000000000000000004); path = Sources; sourceTree = "<group>"; };
  A00000000000000000000008 = {isa = PBXGroup; children = (A00000000000000000000005); name = Products; sourceTree = "<group>"; };
  A00000000000000000000009 = {isa = PBXSourcesBuildPhase; buildActionMask = 2147483647; files = (A00000000000000000000001,A00000000000000000000002); runOnlyForDeploymentPostprocessing = 0; };
  A0000000000000000000000A = {isa = PBXFrameworksBuildPhase; buildActionMask = 2147483647; files = (); runOnlyForDeploymentPostprocessing = 0; };
  A0000000000000000000000B = {isa = PBXResourcesBuildPhase; buildActionMask = 2147483647; files = (); runOnlyForDeploymentPostprocessing = 0; };
  A0000000000000000000000C = {isa = PBXNativeTarget; buildConfigurationList = A0000000000000000000000F; buildPhases = (A00000000000000000000009,A0000000000000000000000A,A0000000000000000000000B); buildRules = (); dependencies = (); name = RemoteDesk; productName = RemoteDesk; productReference = A00000000000000000000005; productType = "com.apple.product-type.application"; };
  A0000000000000000000000D = {isa = PBXProject; attributes = {BuildIndependentTargetsInParallel = YES; LastUpgradeCheck = 1600; }; buildConfigurationList = A0000000000000000000000E; compatibilityVersion = "Xcode 14.0"; developmentRegion = en; hasScannedForEncodings = 0; knownRegions = (en,Base); mainGroup = A00000000000000000000006; productRefGroup = A00000000000000000000008; projectDirPath = ""; projectRoot = ""; targets = (A0000000000000000000000C); };
  A0000000000000000000000E = {isa = XCConfigurationList; buildConfigurations = (A00000000000000000000010,A00000000000000000000011); defaultConfigurationIsVisible = 0; defaultConfigurationName = Release; };
  A0000000000000000000000F = {isa = XCConfigurationList; buildConfigurations = (A00000000000000000000012,A00000000000000000000013); defaultConfigurationIsVisible = 0; defaultConfigurationName = Release; };
  A00000000000000000000010 = {isa = XCBuildConfiguration; buildSettings = {SDKROOT = iphoneos; IPHONEOS_DEPLOYMENT_TARGET = 17.0; CLANG_ENABLE_MODULES = YES; SWIFT_VERSION = 5.0; SWIFT_OPTIMIZATION_LEVEL = "-Onone"; }; name = Debug; };
  A00000000000000000000011 = {isa = XCBuildConfiguration; buildSettings = {SDKROOT = iphoneos; IPHONEOS_DEPLOYMENT_TARGET = 17.0; CLANG_ENABLE_MODULES = YES; SWIFT_VERSION = 5.0; SWIFT_OPTIMIZATION_LEVEL = "-O"; }; name = Release; };
  A00000000000000000000012 = {isa = XCBuildConfiguration; buildSettings = {PRODUCT_NAME = "$(TARGET_NAME)"; PRODUCT_BUNDLE_IDENTIFIER = tw.johnl.remotedesk.native; INFOPLIST_FILE = Info.plist; GENERATE_INFOPLIST_FILE = NO; TARGETED_DEVICE_FAMILY = 2; MARKETING_VERSION = 0.4.0; CURRENT_PROJECT_VERSION = 1; CODE_SIGN_STYLE = Automatic; }; name = Debug; };
  A00000000000000000000013 = {isa = XCBuildConfiguration; buildSettings = {PRODUCT_NAME = "$(TARGET_NAME)"; PRODUCT_BUNDLE_IDENTIFIER = tw.johnl.remotedesk.native; INFOPLIST_FILE = Info.plist; GENERATE_INFOPLIST_FILE = NO; TARGETED_DEVICE_FAMILY = 2; MARKETING_VERSION = 0.4.0; CURRENT_PROJECT_VERSION = 1; CODE_SIGN_STYLE = Automatic; }; name = Release; };
 }; rootObject = A0000000000000000000000D;
}
